dependencies:
  discord.js: github.com/discordjs/discord.js/4c088123026e520f46cb4ee21bb90140d2501215
  dotenv: 8.1.0
  klasa: github.com/dirigeants/klasa/9ae936a59187b62517ae1591efa22c507c98391f_discord.js@12.0.0-dev
  mongodb: 3.3.1
lockfileVersion: 5.1
packages:
  /abort-controller/3.0.0:
    dependencies:
      event-target-shim: 5.0.1
    dev: false
    engines:
      node: '>=6.5'
    resolution:
      integrity: sha512-h8lQ8tacZYnR3vNQTgibj+tODHI5/+l06Au2Pcriv/Gmet0eaj4TwWH41sO9wnHDiQsEj19q0drzdWdeAHtweg==
  /async-limiter/1.0.1:
    dev: false
    resolution:
      integrity: sha512-csOlWGAcRFJaI6m+F2WKdnMKr4HhdhFVBk0H/QbJFMCr+uO2kwohwXQPxw/9OCxp05r5ghVBFSyioixx3gfkNQ==
  /asynckit/0.4.0:
    dev: false
    resolution:
      integrity: sha1-x57Zf380y48robyXkLzDZkdLS3k=
  /bson/1.1.1:
    dev: false
    engines:
      node: '>=0.6.19'
    resolution:
      integrity: sha512-jCGVYLoYMHDkOsbwJZBCqwMHyH4c+wzgI9hG7Z6SZJRXWr+x58pdIbm2i9a/jFGCkRJqRUr8eoI7lDWa0hTkxg==
  /combined-stream/1.0.8:
    dependencies:
      delayed-stream: 1.0.0
    dev: false
    engines:
      node: '>= 0.8'
    resolution:
      integrity: sha512-FQN4MRfuJeHf7cBbBMJFXhKSDq+2kAArBlmRBvcvFE5BB1HZKXtSFASDhdlz9zOYwxh8lDdnvmMOe/+5cdoEdg==
  /delayed-stream/1.0.0:
    dev: false
    engines:
      node: '>=0.4.0'
    resolution:
      integrity: sha1-3zrhmayt+31ECqrgsp4icrJOxhk=
  /dotenv/8.1.0:
    dev: false
    engines:
      node: '>=8'
    resolution:
      integrity: sha512-GUE3gqcDCaMltj2++g6bRQ5rBJWtkWTmqmD0fo1RnnMuUqHNCt2oTPeDnS9n6fKYvlhn7AeBkb38lymBtWBQdA==
  /event-target-shim/5.0.1:
    dev: false
    engines:
      node: '>=6'
    resolution:
      integrity: sha512-i/2XbnSz/uxRCU6+NdVJgKWDTM427+MqYbkQzD321DuCQJUqOuJKIA0IM2+W2xtYHdKOmZ4dR6fExsd4SXL+WQ==
  /form-data/2.5.0:
    dependencies:
      asynckit: 0.4.0
      combined-stream: 1.0.8
      mime-types: 2.1.24
    dev: false
    engines:
      node: '>= 0.12'
    resolution:
      integrity: sha512-WXieX3G/8side6VIqx44ablyULoGruSde5PNTxoUyo5CeyAMX6nVWUd0rgist/EuX655cjhUhTo1Fo3tRYqbcA==
  /fs-nextra/0.4.5:
    dev: false
    engines:
      node: '>=10.1.0'
    resolution:
      integrity: sha512-oY2o6j0izYzJWp2sow21SekkR3qeMZqHV5ZfNFvfKimFU7piw1/AWwiwbcWjuSfwrfCmHyHymWZOyNbKOzew5g==
  /mime-db/1.40.0:
    dev: false
    engines:
      node: '>= 0.6'
    resolution:
      integrity: sha512-jYdeOMPy9vnxEqFRRo6ZvTZ8d9oPb+k18PKoYNYUe2stVEBPPwsln/qWzdbmaIvnhZ9v2P+CuecK+fpUfsV2mA==
  /mime-types/2.1.24:
    dependencies:
      mime-db: 1.40.0
    dev: false
    engines:
      node: '>= 0.6'
    resolution:
      integrity: sha512-WaFHS3MCl5fapm3oLxU4eYDw77IQM2ACcxQ9RIxfaC3ooc6PFuBMGZZsYpvoXS5D5QTWPieo1jjLdAm3TBP3cQ==
  /mongodb/3.3.1:
    dependencies:
      bson: 1.1.1
      require_optional: 1.0.1
      safe-buffer: 5.2.0
    dev: false
    engines:
      node: '>=4'
    resolution:
      integrity: sha512-Q92LLlPUTBj/Z4DyeznwPJjvgOYUcxZsBfek3Ba9mVhzH41n70vSubo+BmemI98kOefHTSncrTyb3OaxdLSgDw==
  /node-fetch/2.6.0:
    dev: false
    engines:
      node: 4.x || >=6.0.0
    resolution:
      integrity: sha512-8dG4H5ujfvFiqDmVu9fQ5bOHUC15JMjMY/Zumv26oOvvVJjM67KF8koCWIabKQ1GJIa9r2mMZscBq/TbdOcmNA==
  /pako/1.0.10:
    dev: false
    resolution:
      integrity: sha512-0DTvPVU3ed8+HNXOu5Bs+o//Mbdj9VNQMUOe9oKCwh8l0GNwpTDMKCWbRjgtD291AWnkAgkqA/LOnQS8AmS1tw==
  /prism-media/1.1.0:
    dev: false
    peerDependencies:
      ffmpeg-static: ^2.4.0
      node-opus: ^0.3.1
      opusscript: ^0.0.6
    peerDependenciesMeta:
      ffmpeg-static:
        optional: true
      node-opus:
        optional: true
      opusscript:
        optional: true
    resolution:
      integrity: sha512-W+oxjRyjtd7hw3pefNZuc7YEZ6VICORJvVNfCPs0+7CsJ43CqMjGAYGjPL3hQ82vw03EVra+CiX4zisqOBUUGw==
  /require_optional/1.0.1:
    dependencies:
      resolve-from: 2.0.0
      semver: 5.7.1
    dev: false
    resolution:
      integrity: sha512-qhM/y57enGWHAe3v/NcwML6a3/vfESLe/sGM2dII+gEO0BpKRUkWZow/tyloNqJyN6kXSl3RyyM8Ll5D/sJP8g==
  /resolve-from/2.0.0:
    dev: false
    engines:
      node: '>=0.10.0'
    resolution:
      integrity: sha1-lICrIOlP+h2egKgEx+oUdhGWa1c=
  /safe-buffer/5.2.0:
    dev: false
    resolution:
      integrity: sha512-fZEwUGbVl7kouZs1jCdMLdt95hdIv0ZeHg6L7qPeciMZhZ+/gdesW4wgTARkrFWEpspjEATAzUGPG8N2jJiwbg==
  /semver/5.7.1:
    dev: false
    hasBin: true
    resolution:
      integrity: sha512-sauaDf/PZdVgrLTNYHRtpXa1iRiKcaebiKQ1BJdpQlWH2lCvexQdX55snPFyK7QzpudqbCI0qXFfOasHdyNDGQ==
  /setimmediate/1.0.5:
    dev: false
    resolution:
      integrity: sha1-KQy7Iy4waULX1+qbg3Mqt4VvgoU=
  /tweetnacl/1.0.1:
    dev: false
    resolution:
      integrity: sha512-kcoMoKTPYnoeS50tzoqjPY3Uv9axeuuFAZY9M/9zFnhoVvRfxz9K29IMPD7jGmt2c8SW7i3gT9WqDl2+nV7p4A==
  /ws/6.2.1:
    dependencies:
      async-limiter: 1.0.1
    dev: false
    resolution:
      integrity: sha512-GIyAXC2cB7LjvpgMt9EKS2ldqr0MTrORaleiOno6TweZ6r3TKtoFQWay/2PceJ3RuBasOHzXNn5Lrw1X0bEjqA==
  github.com/dirigeants/klasa/9ae936a59187b62517ae1591efa22c507c98391f_discord.js@12.0.0-dev:
    dependencies:
      discord.js: github.com/discordjs/discord.js/4c088123026e520f46cb4ee21bb90140d2501215
      fs-nextra: 0.4.5
    dev: false
    engines:
      node: '>=10.1.0'
    id: github.com/dirigeants/klasa/9ae936a59187b62517ae1591efa22c507c98391f
    name: klasa
    peerDependencies:
      discord.js: 'github:discordjs/discord.js#master'
    resolution:
      registry: 'https://registry.npmjs.org/'
      tarball: 'https://codeload.github.com/dirigeants/klasa/tar.gz/9ae936a59187b62517ae1591efa22c507c98391f'
    version: 0.5.0-dev
  github.com/discordjs/discord.js/4c088123026e520f46cb4ee21bb90140d2501215:
    dependencies:
      abort-controller: 3.0.0
      form-data: 2.5.0
      node-fetch: 2.6.0
      pako: 1.0.10
      prism-media: 1.1.0
      setimmediate: 1.0.5
      tweetnacl: 1.0.1
      ws: 6.2.1
    dev: false
    engines:
      node: '>=10.0.0'
    name: discord.js
    peerDependencies:
      '@discordjs/uws': ^11.149.1
      bufferutil: ^4.0.1
      erlpack: discordapp/erlpack
      libsodium-wrappers: ^0.7.4
      sodium: ^3.0.2
      zlib-sync: ^0.1.4
      zucc: ^0.1.0
    resolution:
      registry: 'https://registry.npmjs.org/'
      tarball: 'https://codeload.github.com/discordjs/discord.js/tar.gz/4c088123026e520f46cb4ee21bb90140d2501215'
    version: 12.0.0-dev
specifiers:
  discord.js: 'github:discordjs/discord.js'
  dotenv: ^8.1.0
  klasa: 'github:dirigeants/klasa'
  mongodb: ^3.3.1
